// !$*UTF8*$!
{
	archiveVersion = 1;
	classes = {
	};
	objectVersion = 46;
	objects = {

/* Begin PBXBuildFile section */
		ECFCF2C41C8DAE2100086129 /* main.m in Sources */ = {isa = PBXBuildFile; fileRef = ECFCF2C31C8DAE2100086129 /* main.m */; };
		ECFCF2C71C8DAE2100086129 /* AppDelegate.m in Sources */ = {isa = PBXBuildFile; fileRef = ECFCF2C61C8DAE2100086129 /* AppDelegate.m */; };
		ECFCF2CA1C8DAE2100086129 /* ViewController.m in Sources */ = {isa = PBXBuildFile; fileRef = ECFCF2C91C8DAE2100086129 /* ViewController.m */; };
		ECFCF2CD1C8DAE2100086129 /* Main.storyboard in Resources */ = {isa = PBXBuildFile; fileRef = ECFCF2CB1C8DAE2100086129 /* Main.storyboard */; };
		ECFCF2D01C8DAE2100086129 /* Qcm.xcdatamodeld in Sources */ = {isa = PBXBuildFile; fileRef = ECFCF2CE1C8DAE2100086129 /* Qcm.xcdatamodeld */; };
		ECFCF2D21C8DAE2100086129 /* Assets.xcassets in Resources */ = {isa = PBXBuildFile; fileRef = ECFCF2D11C8DAE2100086129 /* Assets.xcassets */; };
		ECFCF2D51C8DAE2100086129 /* LaunchScreen.storyboard in Resources */ = {isa = PBXBuildFile; fileRef = ECFCF2D31C8DAE2100086129 /* LaunchScreen.storyboard */; };
		ECFCF2E01C8DAE2200086129 /* QcmTests.m in Sources */ = {isa = PBXBuildFile; fileRef = ECFCF2DF1C8DAE2200086129 /* QcmTests.m */; };
/* End PBXBuildFile section */

/* Begin PBXContainerItemProxy section */
		ECFCF2DC1C8DAE2200086129 /* PBXContainerItemProxy */ = {
			isa = PBXContainerItemProxy;
			containerPortal = ECFCF2B71C8DAE2100086129 /* Project object */;
			proxyType = 1;
			remoteGlobalIDString = ECFCF2BE1C8DAE2100086129;
			remoteInfo = Qcm;
		};
/* End PBXContainerItemProxy section */

/* Begin PBXFileReference section */
		ECFCF2BF1C8DAE2100086129 /* Qcm.app */ = {isa = PBXFileReference; explicitFileType = wrapper.application; includeInIndex = 0; path = Qcm.app; sourceTree = BUILT_PRODUCTS_DIR; };
		ECFCF2C31C8DAE2100086129 /* main.m */ = {isa = PBXFileReference; lastKnownFileType = sourcecode.c.objc; path = main.m; sourceTree = "<group>"; };
		ECFCF2C51C8DAE2100086129 /* AppDelegate.h */ = {isa = PBXFileReference; lastKnownFileType = sourcecode.c.h; path = AppDelegate.h; sourceTree = "<group>"; };
		ECFCF2C61C8DAE2100086129 /* AppDelegate.m */ = {isa = PBXFileReference; lastKnownFileType = sourcecode.c.objc; path = AppDelegate.m; sourceTree = "<group>"; };
		ECFCF2C81C8DAE2100086129 /* ViewController.h */ = {isa = PBXFileReference; lastKnownFileType = sourcecode.c.h; path = ViewController.h; sourceTree = "<group>"; };
		ECFCF2C91C8DAE2100086129 /* ViewController.m */ = {isa = PBXFileReference; lastKnownFileType = sourcecode.c.objc; path = ViewController.m; sourceTree = "<group>"; };
		ECFCF2CC1C8DAE2100086129 /* Base */ = {isa = PBXFileReference; lastKnownFileType = file.storyboard; name = Base; path = Base.lproj/Main.storyboard; sourceTree = "<group>"; };
		ECFCF2CF1C8DAE2100086129 /* Qcm.xcdatamodel */ = {isa = PBXFileReference; lastKnownFileType = wrapper.xcdatamodel; path = Qcm.xcdatamodel; sourceTree = "<group>"; };
		ECFCF2D11C8DAE2100086129 /* Assets.xcassets */ = {isa = PBXFileReference; lastKnownFileType = folder.assetcatalog; path = Assets.xcassets; sourceTree = "<group>"; };
		ECFCF2D41C8DAE2100086129 /* Base */ = {isa = PBXFileReference; lastKnownFileType = file.storyboard; name = Base; path = Base.lproj/LaunchScreen.storyboard; sourceTree = "<group>"; };
		ECFCF2D61C8DAE2100086129 /* Info.plist */ = {isa = PBXFileReference; lastKnownFileType = text.plist.xml; path = Info.plist; sourceTree = "<group>"; };
		ECFCF2DB1C8DAE2200086129 /* QcmTests.xctest */ = {isa = PBXFileReference; explicitFileType = wrapper.cfbundle; includeInIndex = 0; path = QcmTests.xctest; sourceTree = BUILT_PRODUCTS_DIR; };
		ECFCF2DF1C8DAE2200086129 /* QcmTests.m */ = {isa = PBXFileReference; lastKnownFileType = sourcecode.c.objc; path = QcmTests.m; sourceTree = "<group>"; };
		ECFCF2E11C8DAE2200086129 /* Info.plist */ = {isa = PBXFileReference; lastKnownFileType = text.plist.xml; path = Info.plist; sourceTree = "<group>"; };
/* End PBXFileReference section */

/* Begin PBXFrameworksBuildPhase section */
		ECFCF2BC1C8DAE2100086129 /* Frameworks */ = {
			isa = PBXFrameworksBuildPhase;
			buildActionMask = 2147483647;
			files = (
			);
			runOnlyForDeploymentPostprocessing = 0;
		};
		ECFCF2D81C8DAE2200086129 /* Frameworks */ = {
			isa = PBXFrameworksBuildPhase;
			buildActionMask = 2147483647;
			files = (
			);
			runOnlyForDeploymentPostprocessing = 0;
		};
/* End PBXFrameworksBuildPhase section */

/* Begin PBXGroup section */
		ECFCF2B61C8DAE2100086129 = {
			isa = PBXGroup;
			children = (
				ECFCF2C11C8DAE2100086129 /* Qcm */,
				ECFCF2DE1C8DAE2200086129 /* QcmTests */,
				ECFCF2C01C8DAE2100086129 /* Products */,
			);
			sourceTree = "<group>";
		};
		ECFCF2C01C8DAE2100086129 /* Products */ = {
			isa = PBXGroup;
			children = (
				ECFCF2BF1C8DAE2100086129 /* Qcm.app */,
				ECFCF2DB1C8DAE2200086129 /* QcmTests.xctest */,
			);
			name = Products;
			sourceTree = "<group>";
		};
		ECFCF2C11C8DAE2100086129 /* Qcm */ = {
			isa = PBXGroup;
			children = (
				ECFCF2C51C8DAE2100086129 /* AppDelegate.h */,
				ECFCF2C61C8DAE2100086129 /* AppDelegate.m */,
				ECFCF2C81C8DAE2100086129 /* ViewController.h */,
				ECFCF2C91C8DAE2100086129 /* ViewController.m */,
				ECFCF2CB1C8DAE2100086129 /* Main.storyboard */,
				ECFCF2D11C8DAE2100086129 /* Assets.xcassets */,
				ECFCF2D31C8DAE2100086129 /* LaunchScreen.storyboard */,
				ECFCF2D61C8DAE2100086129 /* Info.plist */,
				ECFCF2CE1C8DAE2100086129 /* Qcm.xcdatamodeld */,
				ECFCF2C21C8DAE2100086129 /* Supporting Files */,
			);
			path = Qcm;
			sourceTree = "<group>";
		};
		ECFCF2C21C8DAE2100086129 /* Supporting Files */ = {
			isa = PBXGroup;
			children = (
				ECFCF2C31C8DAE2100086129 /* main.m */,
			);
			name = "Supporting Files";
			sourceTree = "<group>";
		};
		ECFCF2DE1C8DAE2200086129 /* QcmTests */ = {
			isa = PBXGroup;
			children = (
				ECFCF2DF1C8DAE2200086129 /* QcmTests.m */,
				ECFCF2E11C8DAE2200086129 /* Info.plist */,
			);
			path = QcmTests;
			sourceTree = "<group>";
		};
/* End PBXGroup section */

/* Begin PBXNativeTarget section */
		ECFCF2BE1C8DAE2100086129 /* Qcm */ = {
			isa = PBXNativeTarget;
			buildConfigurationList = ECFCF2E41C8DAE2200086129 /* Build configuration list for PBXNativeTarget "Qcm" */;
			buildPhases = (
				ECFCF2BB1C8DAE2100086129 /* Sources */,
				ECFCF2BC1C8DAE2100086129 /* Frameworks */,
				ECFCF2BD1C8DAE2100086129 /* Resources */,
			);
			buildRules = (
			);
			dependencies = (
			);
			name = Qcm;
			productName = Qcm;
			productReference = ECFCF2BF1C8DAE2100086129 /* Qcm.app */;
			productType = "com.apple.product-type.application";
		};
		ECFCF2DA1C8DAE2200086129 /* QcmTests */ = {
			isa = PBXNativeTarget;
			buildConfigurationList = ECFCF2E71C8DAE2200086129 /* Build configuration list for PBXNativeTarget "QcmTests" */;
			buildPhases = (
				ECFCF2D71C8DAE2200086129 /* Sources */,
				ECFCF2D81C8DAE2200086129 /* Frameworks */,
				ECFCF2D91C8DAE2200086129 /* Resources */,
			);
			buildRules = (
			);
			dependencies = (
				ECFCF2DD1C8DAE2200086129 /* PBXTargetDependency */,
			);
			name = QcmTests;
			productName = QcmTests;
			productReference = ECFCF2DB1C8DAE2200086129 /* QcmTests.xctest */;
			productType = "com.apple.product-type.bundle.unit-test";
		};
/* End PBXNativeTarget section */

/* Begin PBXProject section */
		ECFCF2B71C8DAE2100086129 /* Project object */ = {
			isa = PBXProject;
			attributes = {
				LastUpgradeCheck = 0720;
				ORGANIZATIONNAME = iia;
				TargetAttributes = {
					ECFCF2BE1C8DAE2100086129 = {
						CreatedOnToolsVersion = 7.2;
					};
					ECFCF2DA1C8DAE2200086129 = {
						CreatedOnToolsVersion = 7.2;
						TestTargetID = ECFCF2BE1C8DAE2100086129;
					};
				};
			};
			buildConfigurationList = ECFCF2BA1C8DAE2100086129 /* Build configuration list for PBXProject "Qcm" */;
			compatibilityVersion = "Xcode 3.2";
			developmentRegion = English;
			hasScannedForEncodings = 0;
			knownRegions = (
				en,
				Base,
			);
			mainGroup = ECFCF2B61C8DAE2100086129;
			productRefGroup = ECFCF2C01C8DAE2100086129 /* Products */;
			projectDirPath = "";
			projectRoot = "";
			targets = (
				ECFCF2BE1C8DAE2100086129 /* Qcm */,
				ECFCF2DA1C8DAE2200086129 /* QcmTests */,
			);
		};
/* End PBXProject section */

/* Begin PBXResourcesBuildPhase section */
		ECFCF2BD1C8DAE2100086129 /* Resources */ = {
			isa = PBXResourcesBuildPhase;
			buildActionMask = 2147483647;
			files = (
				ECFCF2D51C8DAE2100086129 /* LaunchScreen.storyboard in Resources */,
				ECFCF2D21C8DAE2100086129 /* Assets.xcassets in Resources */,
				ECFCF2CD1C8DAE2100086129 /* Main.storyboard in Resources */,
			);
			runOnlyForDeploymentPostprocessing = 0;
		};
		ECFCF2D91C8DAE2200086129 /* Resources */ = {
			isa = PBXResourcesBuildPhase;
			buildActionMask = 2147483647;
			files = (
			);
			runOnlyForDeploymentPostprocessing = 0;
		};
/* End PBXResourcesBuildPhase section */

/* Begin PBXSourcesBuildPhase section */
		ECFCF2BB1C8DAE2100086129 /* Sources */ = {
			isa = PBXSourcesBuildPhase;
			buildActionMask = 2147483647;
			files = (
				ECFCF2CA1C8DAE2100086129 /* ViewController.m in Sources */,
				ECFCF2D01C8DAE2100086129 /* Qcm.xcdatamodeld in Sources */,
				ECFCF2C71C8DAE2100086129 /* AppDelegate.m in Sources */,
				ECFCF2C41C8DAE2100086129 /* main.m in Sources */,
			);
			runOnlyForDeploymentPostprocessing = 0;
		};
		ECFCF2D71C8DAE2200086129 /* Sources */ = {
			isa = PBXSourcesBuildPhase;
			buildActionMask = 2147483647;
			files = (
				ECFCF2E01C8DAE2200086129 /* QcmTests.m in Sources */,
			);
			runOnlyForDeploymentPostprocessing = 0;
		};
/* End PBXSourcesBuildPhase section */

/* Begin PBXTargetDependency section */
		ECFCF2DD1C8DAE2200086129 /* PBXTargetDependency */ = {
			isa = PBXTargetDependency;
			target = ECFCF2BE1C8DAE2100086129 /* Qcm */;
			targetProxy = ECFCF2DC1C8DAE2200086129 /* PBXContainerItemProxy */;
		};
/* End PBXTargetDependency section */

/* Begin PBXVariantGroup section */
		ECFCF2CB1C8DAE2100086129 /* Main.storyboard */ = {
			isa = PBXVariantGroup;
			children = (
				ECFCF2CC1C8DAE2100086129 /* Base */,
			);
			name = Main.storyboard;
			sourceTree = "<group>";
		};
		ECFCF2D31C8DAE2100086129 /* LaunchScreen.storyboard */ = {
			isa = PBXVariantGroup;
			children = (
				ECFCF2D41C8DAE2100086129 /* Base */,
			);
			name = LaunchScreen.storyboard;
			sourceTree = "<group>";
		};
/* End PBXVariantGroup section */

/* Begin XCBuildConfiguration section */
		ECFCF2E21C8DAE2200086129 /* Debug */ = {
			isa = XCBuildConfiguration;
			buildSettings = {
				ALWAYS_SEARCH_USER_PATHS = NO;
				CLANG_CXX_LANGUAGE_STANDARD = "gnu++0x";
				CLANG_CXX_LIBRARY = "libc++";
				CLANG_ENABLE_MODULES = YES;
				CLANG_ENABLE_OBJC_ARC = YES;
				CLANG_WARN_BOOL_CONVERSION = YES;
				CLANG_WARN_CONSTANT_CONVERSION = YES;
				CLANG_WARN_DIRECT_OBJC_ISA_USAGE = YES_ERROR;
				CLANG_WARN_EMPTY_BODY = YES;
				CLANG_WARN_ENUM_CONVERSION = YES;
				CLANG_WARN_INT_CONVERSION = YES;
				CLANG_WARN_OBJC_ROOT_CLASS = YES_ERROR;
				CLANG_WARN_UNREACHABLE_CODE = YES;
				CLANG_WARN__DUPLICATE_METHOD_MATCH = YES;
				"CODE_SIGN_IDENTITY[sdk=iphoneos*]" = "iPhone Developer";
				COPY_PHASE_STRIP = NO;
				DEBUG_INFORMATION_FORMAT = dwarf;
				ENABLE_STRICT_OBJC_MSGSEND = YES;
				ENABLE_TESTABILITY = YES;
				GCC_C_LANGUAGE_STANDARD = gnu99;
				GCC_DYNAMIC_NO_PIC = NO;
				GCC_NO_COMMON_BLOCKS = YES;
				GCC_OPTIMIZATION_LEVEL = 0;
				GCC_PREPROCESSOR_DEFINITIONS = (
					"DEBUG=1",
					"$(inherited)",
				);
				GCC_WARN_64_TO_32_BIT_CONVERSION = YES;
				GCC_WARN_ABOUT_RETURN_TYPE = YES_ERROR;
				GCC_WARN_UNDECLARED_SELECTOR = YES;
				GCC_WARN_UNINITIALIZED_AUTOS = YES_AGGRESSIVE;
				GCC_WARN_UNUSED_FUNCTION = YES;
				GCC_WARN_UNUSED_VARIABLE = YES;
				IPHONEOS_DEPLOYMENT_TARGET = 9.2;
				MTL_ENABLE_DEBUG_INFO = YES;
				ONLY_ACTIVE_ARCH = YES;
				SDKROOT = iphoneos;
				TARGETED_DEVICE_FAMILY = "1,2";
			};
			name = Debug;
		};
		ECFCF2E31C8DAE2200086129 /* Release */ = {
			isa = XCBuildConfiguration;
			buildSettings = {
				ALWAYS_SEARCH_USER_PATHS = NO;
				CLANG_CXX_LANGUAGE_STANDARD = "gnu++0x";
				CLANG_CXX_LIBRARY = "libc++";
				CLANG_ENABLE_MODULES = YES;
				CLANG_ENABLE_OBJC_ARC = YES;
				CLANG_WARN_BOOL_CONVERSION = YES;
				CLANG_WARN_CONSTANT_CONVERSION = YES;
				CLANG_WARN_DIRECT_OBJC_ISA_USAGE = YES_ERROR;
				CLANG_WARN_EMPTY_BODY = YES;
				CLANG_WARN_ENUM_CONVERSION = YES;
				CLANG_WARN_INT_CONVERSION = YES;
				CLANG_WARN_OBJC_ROOT_CLASS = YES_ERROR;
				CLANG_WARN_UNREACHABLE_CODE = YES;
				CLANG_WARN__DUPLICATE_METHOD_MATCH = YES;
				"CODE_SIGN_IDENTITY[sdk=iphoneos*]" = "iPhone Developer";
				COPY_PHASE_STRIP = NO;
				DEBUG_INFORMATION_FORMAT = "dwarf-with-dsym";
				ENABLE_NS_ASSERTIONS = NO;
				ENABLE_STRICT_OBJC_MSGSEND = YES;
				GCC_C_LANGUAGE_STANDARD = gnu99;
				GCC_NO_COMMON_BLOCKS = YES;
				GCC_WARN_64_TO_32_BIT_CONVERSION = YES;
				GCC_WARN_ABOUT_RETURN_TYPE = YES_ERROR;
				GCC_WARN_UNDECLARED_SELECTOR = YES;
				GCC_WARN_UNINITIALIZED_AUTOS = YES_AGGRESSIVE;
				GCC_WARN_UNUSED_FUNCTION = YES;
				GCC_WARN_UNUSED_VARIABLE = YES;
				IPHONEOS_DEPLOYMENT_TARGET = 9.2;
				MTL_ENABLE_DEBUG_INFO = NO;
				SDKROOT = iphoneos;
				TARGETED_DEVICE_FAMILY = "1,2";
				VALIDATE_PRODUCT = YES;
			};
			name = Release;
		};
		ECFCF2E51C8DAE2200086129 /* Debug */ = {
			isa = XCBuildConfiguration;
			buildSettings = {
				ASSETCATALOG_COMPILER_APPICON_NAME = AppIcon;
				INFOPLIST_FILE = Qcm/Info.plist;
				LD_RUNPATH_SEARCH_PATHS = "$(inherited) @executable_path/Frameworks";
				PRODUCT_BUNDLE_IDENTIFIER = com.iia.Qcm;
				PRODUCT_NAME = "$(TARGET_NAME)";
			};
			name = Debug;
		};
		ECFCF2E61C8DAE2200086129 /* Release */ = {
			isa = XCBuildConfiguration;
			buildSettings = {
				ASSETCATALOG_COMPILER_APPICON_NAME = AppIcon;
				INFOPLIST_FILE = Qcm/Info.plist;
				LD_RUNPATH_SEARCH_PATHS = "$(inherited) @executable_path/Frameworks";
				PRODUCT_BUNDLE_IDENTIFIER = com.iia.Qcm;
				PRODUCT_NAME = "$(TARGET_NAME)";
			};
			name = Release;
		};
		ECFCF2E81C8DAE2200086129 /* Debug */ = {
			isa = XCBuildConfiguration;
			buildSettings = {
				BUNDLE_LOADER = "$(TEST_HOST)";
				INFOPLIST_FILE = QcmTests/Info.plist;
				LD_RUNPATH_SEARCH_PATHS = "$(inherited) @executable_path/Frameworks @loader_path/Frameworks";
				PRODUCT_BUNDLE_IDENTIFIER = com.iia.QcmTests;
				PRODUCT_NAME = "$(TARGET_NAME)";
				TEST_HOST = "$(BUILT_PRODUCTS_DIR)/Qcm.app/Qcm";
			};
			name = Debug;
		};
		ECFCF2E91C8DAE2200086129 /* Release */ = {
			isa = XCBuildConfiguration;
			buildSettings = {
				BUNDLE_LOADER = "$(TEST_HOST)";
				INFOPLIST_FILE = QcmTests/Info.plist;
				LD_RUNPATH_SEARCH_PATHS = "$(inherited) @executable_path/Frameworks @loader_path/Frameworks";
				PRODUCT_BUNDLE_IDENTIFIER = com.iia.QcmTests;
				PRODUCT_NAME = "$(TARGET_NAME)";
				TEST_HOST = "$(BUILT_PRODUCTS_DIR)/Qcm.app/Qcm";
			};
			name = Release;
		};
/* End XCBuildConfiguration section */

/* Begin XCConfigurationList section */
		ECFCF2BA1C8DAE2100086129 /* Build configuration list for PBXProject "Qcm" */ = {
			isa = XCConfigurationList;
			buildConfigurations = (
				ECFCF2E21C8DAE2200086129 /* Debug */,
				ECFCF2E31C8DAE2200086129 /* Release */,
			);
			defaultConfigurationIsVisible = 0;
			defaultConfigurationName = Release;
		};
		ECFCF2E41C8DAE2200086129 /* Build configuration list for PBXNativeTarget "Qcm" */ = {
			isa = XCConfigurationList;
			buildConfigurations = (
				ECFCF2E51C8DAE2200086129 /* Debug */,
				ECFCF2E61C8DAE2200086129 /* Release */,
			);
			defaultConfigurationIsVisible = 0;
		};
		ECFCF2E71C8DAE2200086129 /* Build configuration list for PBXNativeTarget "QcmTests" */ = {
			isa = XCConfigurationList;
			buildConfigurations = (
				ECFCF2E81C8DAE2200086129 /* Debug */,
				ECFCF2E91C8DAE2200086129 /* Release */,
			);
			defaultConfigurationIsVisible = 0;
		};
/* End XCConfigurationList section */

/* Begin XCVersionGroup section */
		ECFCF2CE1C8DAE2100086129 /* Qcm.xcdatamodeld */ = {
			isa = XCVersionGroup;
			children = (
				ECFCF2CF1C8DAE2100086129 /* Qcm.xcdatamodel */,
			);
			currentVersion = ECFCF2CF1C8DAE2100086129 /* Qcm.xcdatamodel */;
			path = Qcm.xcdatamodeld;
			sourceTree = "<group>";
			versionGroupType = wrapper.xcdatamodel;
		};
/* End XCVersionGroup section */
	};
	rootObject = ECFCF2B71C8DAE2100086129 /* Project object */;
}
